// !$*UTF8*$!
{
	archiveVersion = 1;
	classes = {
	};
	objectVersion = 55;
	objects = {

/* Begin PBXBuildFile section */
		06C15EE229001F3200CD40F2 /* AppDelegate.swift in Sources */ = {isa = PBXBuildFile; fileRef = 06C15EE129001F3200CD40F2 /* AppDelegate.swift */; };
		06C15EE429001F3200CD40F2 /* SceneDelegate.swift in Sources */ = {isa = PBXBuildFile; fileRef = 06C15EE329001F3200CD40F2 /* SceneDelegate.swift */; };
		06C15EE629001F3200CD40F2 /* SearchViewController.swift in Sources */ = {isa = PBXBuildFile; fileRef = 06C15EE529001F3200CD40F2 /* SearchViewController.swift */; };
		06C15EE929001F3200CD40F2 /* Main.storyboard in Resources */ = {isa = PBXBuildFile; fileRef = 06C15EE729001F3200CD40F2 /* Main.storyboard */; };
		06C15EEB29001F3300CD40F2 /* Assets.xcassets in Resources */ = {isa = PBXBuildFile; fileRef = 06C15EEA29001F3300CD40F2 /* Assets.xcassets */; };
		06C15EEE29001F3300CD40F2 /* LaunchScreen.storyboard in Resources */ = {isa = PBXBuildFile; fileRef = 06C15EEC29001F3300CD40F2 /* LaunchScreen.storyboard */; };
		06C15EF929001F3300CD40F2 /* Pokemon_DictionaryTests.swift in Sources */ = {isa = PBXBuildFile; fileRef = 06C15EF829001F3300CD40F2 /* Pokemon_DictionaryTests.swift */; };
		06C15F0329001F3300CD40F2 /* Pokemon_DictionaryUITests.swift in Sources */ = {isa = PBXBuildFile; fileRef = 06C15F0229001F3300CD40F2 /* Pokemon_DictionaryUITests.swift */; };
		06C15F0529001F3300CD40F2 /* Pokemon_DictionaryUITestsLaunchTests.swift in Sources */ = {isa = PBXBuildFile; fileRef = 06C15F0429001F3300CD40F2 /* Pokemon_DictionaryUITestsLaunchTests.swift */; };
		06C15F14290022A500CD40F2 /* Utils + Publisher.swift in Sources */ = {isa = PBXBuildFile; fileRef = 06C15F13290022A500CD40F2 /* Utils + Publisher.swift */; };
		06C15F172900232500CD40F2 /* NetworkService.swift in Sources */ = {isa = PBXBuildFile; fileRef = 06C15F162900232500CD40F2 /* NetworkService.swift */; };
		06C15F192900233800CD40F2 /* NetworkServiceType.swift in Sources */ = {isa = PBXBuildFile; fileRef = 06C15F182900233800CD40F2 /* NetworkServiceType.swift */; };
		06C15F1C2900236500CD40F2 /* Resource.swift in Sources */ = {isa = PBXBuildFile; fileRef = 06C15F1B2900236500CD40F2 /* Resource.swift */; };
		06C15F1E290023C000CD40F2 /* ApiConstants.swift in Sources */ = {isa = PBXBuildFile; fileRef = 06C15F1D290023C000CD40F2 /* ApiConstants.swift */; };
		06C15F22290027B900CD40F2 /* PokemonNamesResponse.swift in Sources */ = {isa = PBXBuildFile; fileRef = 06C15F21290027B900CD40F2 /* PokemonNamesResponse.swift */; };
		06C15F24290028DB00CD40F2 /* PokemonNameInfo.swift in Sources */ = {isa = PBXBuildFile; fileRef = 06C15F23290028DB00CD40F2 /* PokemonNameInfo.swift */; };
		06C15F26290029B700CD40F2 /* Resource + PokemonNames.swift in Sources */ = {isa = PBXBuildFile; fileRef = 06C15F25290029B700CD40F2 /* Resource + PokemonNames.swift */; };
		06C15F2C29002B5D00CD40F2 /* URLProtocolMock.swift in Sources */ = {isa = PBXBuildFile; fileRef = 06C15F2B29002B5D00CD40F2 /* URLProtocolMock.swift */; };
		06C15F2E2900308300CD40F2 /* PokemonLocationsResponse.swift in Sources */ = {isa = PBXBuildFile; fileRef = 06C15F2D2900308300CD40F2 /* PokemonLocationsResponse.swift */; };
		06C15F302900308F00CD40F2 /* PokemonLocationInfo.swift in Sources */ = {isa = PBXBuildFile; fileRef = 06C15F2F2900308F00CD40F2 /* PokemonLocationInfo.swift */; };
		06C15F322900317100CD40F2 /* Resource + PokemonLocations.swift in Sources */ = {isa = PBXBuildFile; fileRef = 06C15F312900317100CD40F2 /* Resource + PokemonLocations.swift */; };
		06C15F342900331800CD40F2 /* Pokemon.swift in Sources */ = {isa = PBXBuildFile; fileRef = 06C15F332900331800CD40F2 /* Pokemon.swift */; };
		06C15F36290035AE00CD40F2 /* Sprites.swift in Sources */ = {isa = PBXBuildFile; fileRef = 06C15F35290035AE00CD40F2 /* Sprites.swift */; };
		06C15F38290035CF00CD40F2 /* Resource + Pokemon.swift in Sources */ = {isa = PBXBuildFile; fileRef = 06C15F37290035CF00CD40F2 /* Resource + Pokemon.swift */; };
		06C15F4229014F1A00CD40F2 /* SearchViewModel.swift in Sources */ = {isa = PBXBuildFile; fileRef = 06C15F4129014F1A00CD40F2 /* SearchViewModel.swift */; };
		06C15F4429019D5B00CD40F2 /* UIKit + Publisher.swift in Sources */ = {isa = PBXBuildFile; fileRef = 06C15F4329019D5B00CD40F2 /* UIKit + Publisher.swift */; };
		06C15F4A29032C8200CD40F2 /* PokemonInfoViewController.swift in Sources */ = {isa = PBXBuildFile; fileRef = 06C15F4929032C8200CD40F2 /* PokemonInfoViewController.swift */; };
		06C15F4C2903319800CD40F2 /* PokemonInfoViewModel.swift in Sources */ = {isa = PBXBuildFile; fileRef = 06C15F4B2903319800CD40F2 /* PokemonInfoViewModel.swift */; };
		06C15F4E29033CAB00CD40F2 /* UIView + Inspector.swift in Sources */ = {isa = PBXBuildFile; fileRef = 06C15F4D29033CAB00CD40F2 /* UIView + Inspector.swift */; };
		06C15F5029050CE400CD40F2 /* PokemonMapViewController.swift in Sources */ = {isa = PBXBuildFile; fileRef = 06C15F4F29050CE400CD40F2 /* PokemonMapViewController.swift */; };
/* End PBXBuildFile section */

/* Begin PBXContainerItemProxy section */
		06C15EF529001F3300CD40F2 /* PBXContainerItemProxy */ = {
			isa = PBXContainerItemProxy;
			containerPortal = 06C15ED629001F3200CD40F2 /* Project object */;
			proxyType = 1;
			remoteGlobalIDString = 06C15EDD29001F3200CD40F2;
			remoteInfo = "Pokemon-Dictionary";
		};
		06C15EFF29001F3300CD40F2 /* PBXContainerItemProxy */ = {
			isa = PBXContainerItemProxy;
			containerPortal = 06C15ED629001F3200CD40F2 /* Project object */;
			proxyType = 1;
			remoteGlobalIDString = 06C15EDD29001F3200CD40F2;
			remoteInfo = "Pokemon-Dictionary";
		};
/* End PBXContainerItemProxy section */

/* Begin PBXFileReference section */
		06C15EDE29001F3200CD40F2 /* Pokemon-Dictionary.app */ = {isa = PBXFileReference; explicitFileType = wrapper.application; includeInIndex = 0; path = "Pokemon-Dictionary.app"; sourceTree = BUILT_PRODUCTS_DIR; };
		06C15EE129001F3200CD40F2 /* AppDelegate.swift */ = {isa = PBXFileReference; lastKnownFileType = sourcecode.swift; path = AppDelegate.swift; sourceTree = "<group>"; };
		06C15EE329001F3200CD40F2 /* SceneDelegate.swift */ = {isa = PBXFileReference; lastKnownFileType = sourcecode.swift; path = SceneDelegate.swift; sourceTree = "<group>"; };
		06C15EE529001F3200CD40F2 /* SearchViewController.swift */ = {isa = PBXFileReference; lastKnownFileType = sourcecode.swift; path = SearchViewController.swift; sourceTree = "<group>"; };
		06C15EE829001F3200CD40F2 /* Base */ = {isa = PBXFileReference; lastKnownFileType = file.storyboard; name = Base; path = Base.lproj/Main.storyboard; sourceTree = "<group>"; };
		06C15EEA29001F3300CD40F2 /* Assets.xcassets */ = {isa = PBXFileReference; lastKnownFileType = folder.assetcatalog; path = Assets.xcassets; sourceTree = "<group>"; };
		06C15EED29001F3300CD40F2 /* Base */ = {isa = PBXFileReference; lastKnownFileType = file.storyboard; name = Base; path = Base.lproj/LaunchScreen.storyboard; sourceTree = "<group>"; };
		06C15EEF29001F3300CD40F2 /* Info.plist */ = {isa = PBXFileReference; lastKnownFileType = text.plist.xml; path = Info.plist; sourceTree = "<group>"; };
		06C15EF429001F3300CD40F2 /* Pokemon-DictionaryTests.xctest */ = {isa = PBXFileReference; explicitFileType = wrapper.cfbundle; includeInIndex = 0; path = "Pokemon-DictionaryTests.xctest"; sourceTree = BUILT_PRODUCTS_DIR; };
		06C15EF829001F3300CD40F2 /* Pokemon_DictionaryTests.swift */ = {isa = PBXFileReference; lastKnownFileType = sourcecode.swift; path = Pokemon_DictionaryTests.swift; sourceTree = "<group>"; };
		06C15EFE29001F3300CD40F2 /* Pokemon-DictionaryUITests.xctest */ = {isa = PBXFileReference; explicitFileType = wrapper.cfbundle; includeInIndex = 0; path = "Pokemon-DictionaryUITests.xctest"; sourceTree = BUILT_PRODUCTS_DIR; };
		06C15F0229001F3300CD40F2 /* Pokemon_DictionaryUITests.swift */ = {isa = PBXFileReference; lastKnownFileType = sourcecode.swift; path = Pokemon_DictionaryUITests.swift; sourceTree = "<group>"; };
		06C15F0429001F3300CD40F2 /* Pokemon_DictionaryUITestsLaunchTests.swift */ = {isa = PBXFileReference; lastKnownFileType = sourcecode.swift; path = Pokemon_DictionaryUITestsLaunchTests.swift; sourceTree = "<group>"; };
		06C15F13290022A500CD40F2 /* Utils + Publisher.swift */ = {isa = PBXFileReference; lastKnownFileType = sourcecode.swift; path = "Utils + Publisher.swift"; sourceTree = "<group>"; };
		06C15F162900232500CD40F2 /* NetworkService.swift */ = {isa = PBXFileReference; lastKnownFileType = sourcecode.swift; path = NetworkService.swift; sourceTree = "<group>"; };
		06C15F182900233800CD40F2 /* NetworkServiceType.swift */ = {isa = PBXFileReference; lastKnownFileType = sourcecode.swift; path = NetworkServiceType.swift; sourceTree = "<group>"; };
		06C15F1B2900236500CD40F2 /* Resource.swift */ = {isa = PBXFileReference; lastKnownFileType = sourcecode.swift; path = Resource.swift; sourceTree = "<group>"; };
		06C15F1D290023C000CD40F2 /* ApiConstants.swift */ = {isa = PBXFileReference; lastKnownFileType = sourcecode.swift; path = ApiConstants.swift; sourceTree = "<group>"; };
		06C15F21290027B900CD40F2 /* PokemonNamesResponse.swift */ = {isa = PBXFileReference; lastKnownFileType = sourcecode.swift; path = PokemonNamesResponse.swift; sourceTree = "<group>"; };
		06C15F23290028DB00CD40F2 /* PokemonNameInfo.swift */ = {isa = PBXFileReference; lastKnownFileType = sourcecode.swift; path = PokemonNameInfo.swift; sourceTree = "<group>"; };
		06C15F25290029B700CD40F2 /* Resource + PokemonNames.swift */ = {isa = PBXFileReference; lastKnownFileType = sourcecode.swift; path = "Resource + PokemonNames.swift"; sourceTree = "<group>"; };
		06C15F2B29002B5D00CD40F2 /* URLProtocolMock.swift */ = {isa = PBXFileReference; lastKnownFileType = sourcecode.swift; path = URLProtocolMock.swift; sourceTree = "<group>"; };
		06C15F2D2900308300CD40F2 /* PokemonLocationsResponse.swift */ = {isa = PBXFileReference; lastKnownFileType = sourcecode.swift; path = PokemonLocationsResponse.swift; sourceTree = "<group>"; };
		06C15F2F2900308F00CD40F2 /* PokemonLocationInfo.swift */ = {isa = PBXFileReference; lastKnownFileType = sourcecode.swift; path = PokemonLocationInfo.swift; sourceTree = "<group>"; };
		06C15F312900317100CD40F2 /* Resource + PokemonLocations.swift */ = {isa = PBXFileReference; lastKnownFileType = sourcecode.swift; path = "Resource + PokemonLocations.swift"; sourceTree = "<group>"; };
		06C15F332900331800CD40F2 /* Pokemon.swift */ = {isa = PBXFileReference; lastKnownFileType = sourcecode.swift; path = Pokemon.swift; sourceTree = "<group>"; };
		06C15F35290035AE00CD40F2 /* Sprites.swift */ = {isa = PBXFileReference; lastKnownFileType = sourcecode.swift; path = Sprites.swift; sourceTree = "<group>"; };
		06C15F37290035CF00CD40F2 /* Resource + Pokemon.swift */ = {isa = PBXFileReference; lastKnownFileType = sourcecode.swift; path = "Resource + Pokemon.swift"; sourceTree = "<group>"; };
		06C15F4129014F1A00CD40F2 /* SearchViewModel.swift */ = {isa = PBXFileReference; lastKnownFileType = sourcecode.swift; path = SearchViewModel.swift; sourceTree = "<group>"; };
		06C15F4329019D5B00CD40F2 /* UIKit + Publisher.swift */ = {isa = PBXFileReference; lastKnownFileType = sourcecode.swift; path = "UIKit + Publisher.swift"; sourceTree = "<group>"; };
		06C15F4929032C8200CD40F2 /* PokemonInfoViewController.swift */ = {isa = PBXFileReference; lastKnownFileType = sourcecode.swift; path = PokemonInfoViewController.swift; sourceTree = "<group>"; };
		06C15F4B2903319800CD40F2 /* PokemonInfoViewModel.swift */ = {isa = PBXFileReference; lastKnownFileType = sourcecode.swift; path = PokemonInfoViewModel.swift; sourceTree = "<group>"; };
		06C15F4D29033CAB00CD40F2 /* UIView + Inspector.swift */ = {isa = PBXFileReference; lastKnownFileType = sourcecode.swift; path = "UIView + Inspector.swift"; sourceTree = "<group>"; };
		06C15F4F29050CE400CD40F2 /* PokemonMapViewController.swift */ = {isa = PBXFileReference; lastKnownFileType = sourcecode.swift; path = PokemonMapViewController.swift; sourceTree = "<group>"; };
/* End PBXFileReference section */

/* Begin PBXFrameworksBuildPhase section */
		06C15EDB29001F3200CD40F2 /* Frameworks */ = {
			isa = PBXFrameworksBuildPhase;
			buildActionMask = 2147483647;
			files = (
			);
			runOnlyForDeploymentPostprocessing = 0;
		};
		06C15EF129001F3300CD40F2 /* Frameworks */ = {
			isa = PBXFrameworksBuildPhase;
			buildActionMask = 2147483647;
			files = (
			);
			runOnlyForDeploymentPostprocessing = 0;
		};
		06C15EFB29001F3300CD40F2 /* Frameworks */ = {
			isa = PBXFrameworksBuildPhase;
			buildActionMask = 2147483647;
			files = (
			);
			runOnlyForDeploymentPostprocessing = 0;
		};
/* End PBXFrameworksBuildPhase section */

/* Begin PBXGroup section */
		06C15ED529001F3200CD40F2 = {
			isa = PBXGroup;
			children = (
				06C15EE029001F3200CD40F2 /* Pokemon-Dictionary */,
				06C15EF729001F3300CD40F2 /* Pokemon-DictionaryTests */,
				06C15F0129001F3300CD40F2 /* Pokemon-DictionaryUITests */,
				06C15EDF29001F3200CD40F2 /* Products */,
			);
			sourceTree = "<group>";
		};
		06C15EDF29001F3200CD40F2 /* Products */ = {
			isa = PBXGroup;
			children = (
				06C15EDE29001F3200CD40F2 /* Pokemon-Dictionary.app */,
				06C15EF429001F3300CD40F2 /* Pokemon-DictionaryTests.xctest */,
				06C15EFE29001F3300CD40F2 /* Pokemon-DictionaryUITests.xctest */,
			);
			name = Products;
			sourceTree = "<group>";
		};
		06C15EE029001F3200CD40F2 /* Pokemon-Dictionary */ = {
			isa = PBXGroup;
			children = (
				06C15F3F29014E5200CD40F2 /* Scene */,
				06C15F1F2900270E00CD40F2 /* Model */,
				06C15F122900228E00CD40F2 /* Utils */,
				06C15F112900228400CD40F2 /* Service */,
				06C15EE129001F3200CD40F2 /* AppDelegate.swift */,
				06C15EE329001F3200CD40F2 /* SceneDelegate.swift */,
				06C15EE729001F3200CD40F2 /* Main.storyboard */,
				06C15EEA29001F3300CD40F2 /* Assets.xcassets */,
				06C15EEC29001F3300CD40F2 /* LaunchScreen.storyboard */,
				06C15EEF29001F3300CD40F2 /* Info.plist */,
			);
			path = "Pokemon-Dictionary";
			sourceTree = "<group>";
		};
		06C15EF729001F3300CD40F2 /* Pokemon-DictionaryTests */ = {
			isa = PBXGroup;
			children = (
				06C15F2A29002B5600CD40F2 /* Mocks */,
				06C15EF829001F3300CD40F2 /* Pokemon_DictionaryTests.swift */,
			);
			path = "Pokemon-DictionaryTests";
			sourceTree = "<group>";
		};
		06C15F0129001F3300CD40F2 /* Pokemon-DictionaryUITests */ = {
			isa = PBXGroup;
			children = (
				06C15F0229001F3300CD40F2 /* Pokemon_DictionaryUITests.swift */,
				06C15F0429001F3300CD40F2 /* Pokemon_DictionaryUITestsLaunchTests.swift */,
			);
			path = "Pokemon-DictionaryUITests";
			sourceTree = "<group>";
		};
		06C15F112900228400CD40F2 /* Service */ = {
			isa = PBXGroup;
			children = (
				06C15F15290022BD00CD40F2 /* Network */,
			);
			path = Service;
			sourceTree = "<group>";
		};
		06C15F122900228E00CD40F2 /* Utils */ = {
			isa = PBXGroup;
			children = (
				06C15F13290022A500CD40F2 /* Utils + Publisher.swift */,
				06C15F4329019D5B00CD40F2 /* UIKit + Publisher.swift */,
				06C15F4D29033CAB00CD40F2 /* UIView + Inspector.swift */,
			);
			path = Utils;
			sourceTree = "<group>";
		};
		06C15F15290022BD00CD40F2 /* Network */ = {
			isa = PBXGroup;
			children = (
				06C15F1A2900235B00CD40F2 /* Resource */,
				06C15F162900232500CD40F2 /* NetworkService.swift */,
				06C15F182900233800CD40F2 /* NetworkServiceType.swift */,
				06C15F1D290023C000CD40F2 /* ApiConstants.swift */,
			);
			path = Network;
			sourceTree = "<group>";
		};
		06C15F1A2900235B00CD40F2 /* Resource */ = {
			isa = PBXGroup;
			children = (
				06C15F1B2900236500CD40F2 /* Resource.swift */,
				06C15F25290029B700CD40F2 /* Resource + PokemonNames.swift */,
				06C15F312900317100CD40F2 /* Resource + PokemonLocations.swift */,
				06C15F37290035CF00CD40F2 /* Resource + Pokemon.swift */,
			);
			path = Resource;
			sourceTree = "<group>";
		};
		06C15F1F2900270E00CD40F2 /* Model */ = {
			isa = PBXGroup;
			children = (
				06C15F21290027B900CD40F2 /* PokemonNamesResponse.swift */,
				06C15F23290028DB00CD40F2 /* PokemonNameInfo.swift */,
				06C15F2D2900308300CD40F2 /* PokemonLocationsResponse.swift */,
				06C15F2F2900308F00CD40F2 /* PokemonLocationInfo.swift */,
				06C15F332900331800CD40F2 /* Pokemon.swift */,
				06C15F35290035AE00CD40F2 /* Sprites.swift */,
			);
			path = Model;
			sourceTree = "<group>";
		};
		06C15F2A29002B5600CD40F2 /* Mocks */ = {
			isa = PBXGroup;
			children = (
				06C15F2B29002B5D00CD40F2 /* URLProtocolMock.swift */,
			);
			path = Mocks;
			sourceTree = "<group>";
		};
		06C15F3F29014E5200CD40F2 /* Scene */ = {
			isa = PBXGroup;
			children = (
				06C15F4029014E6D00CD40F2 /* Search */,
				06C15F4629032C2200CD40F2 /* PokemonInfo */,
				06C15F4529032B9C00CD40F2 /* PokemonMap */,
			);
			path = Scene;
			sourceTree = "<group>";
		};
		06C15F4029014E6D00CD40F2 /* Search */ = {
			isa = PBXGroup;
			children = (
				06C15EE529001F3200CD40F2 /* SearchViewController.swift */,
				06C15F4129014F1A00CD40F2 /* SearchViewModel.swift */,
			);
			path = Search;
			sourceTree = "<group>";
		};
		06C15F4529032B9C00CD40F2 /* PokemonMap */ = {
			isa = PBXGroup;
			children = (
				06C15F4F29050CE400CD40F2 /* PokemonMapViewController.swift */,
			);
			path = PokemonMap;
			sourceTree = "<group>";
		};
		06C15F4629032C2200CD40F2 /* PokemonInfo */ = {
			isa = PBXGroup;
			children = (
				06C15F4929032C8200CD40F2 /* PokemonInfoViewController.swift */,
				06C15F4B2903319800CD40F2 /* PokemonInfoViewModel.swift */,
			);
			path = PokemonInfo;
			sourceTree = "<group>";
		};
/* End PBXGroup section */

/* Begin PBXNativeTarget section */
		06C15EDD29001F3200CD40F2 /* Pokemon-Dictionary */ = {
			isa = PBXNativeTarget;
			buildConfigurationList = 06C15F0829001F3300CD40F2 /* Build configuration list for PBXNativeTarget "Pokemon-Dictionary" */;
			buildPhases = (
				06C15EDA29001F3200CD40F2 /* Sources */,
				06C15EDB29001F3200CD40F2 /* Frameworks */,
				06C15EDC29001F3200CD40F2 /* Resources */,
			);
			buildRules = (
			);
			dependencies = (
			);
			name = "Pokemon-Dictionary";
			productName = "Pokemon-Dictionary";
			productReference = 06C15EDE29001F3200CD40F2 /* Pokemon-Dictionary.app */;
			productType = "com.apple.product-type.application";
		};
		06C15EF329001F3300CD40F2 /* Pokemon-DictionaryTests */ = {
			isa = PBXNativeTarget;
			buildConfigurationList = 06C15F0B29001F3300CD40F2 /* Build configuration list for PBXNativeTarget "Pokemon-DictionaryTests" */;
			buildPhases = (
				06C15EF029001F3300CD40F2 /* Sources */,
				06C15EF129001F3300CD40F2 /* Frameworks */,
				06C15EF229001F3300CD40F2 /* Resources */,
			);
			buildRules = (
			);
			dependencies = (
				06C15EF629001F3300CD40F2 /* PBXTargetDependency */,
			);
			name = "Pokemon-DictionaryTests";
			productName = "Pokemon-DictionaryTests";
			productReference = 06C15EF429001F3300CD40F2 /* Pokemon-DictionaryTests.xctest */;
			productType = "com.apple.product-type.bundle.unit-test";
		};
		06C15EFD29001F3300CD40F2 /* Pokemon-DictionaryUITests */ = {
			isa = PBXNativeTarget;
			buildConfigurationList = 06C15F0E29001F3300CD40F2 /* Build configuration list for PBXNativeTarget "Pokemon-DictionaryUITests" */;
			buildPhases = (
				06C15EFA29001F3300CD40F2 /* Sources */,
				06C15EFB29001F3300CD40F2 /* Frameworks */,
				06C15EFC29001F3300CD40F2 /* Resources */,
			);
			buildRules = (
			);
			dependencies = (
				06C15F0029001F3300CD40F2 /* PBXTargetDependency */,
			);
			name = "Pokemon-DictionaryUITests";
			productName = "Pokemon-DictionaryUITests";
			productReference = 06C15EFE29001F3300CD40F2 /* Pokemon-DictionaryUITests.xctest */;
			productType = "com.apple.product-type.bundle.ui-testing";
		};
/* End PBXNativeTarget section */

/* Begin PBXProject section */
		06C15ED629001F3200CD40F2 /* Project object */ = {
			isa = PBXProject;
			attributes = {
				BuildIndependentTargetsInParallel = 1;
				LastSwiftUpdateCheck = 1340;
				LastUpgradeCheck = 1340;
				TargetAttributes = {
					06C15EDD29001F3200CD40F2 = {
						CreatedOnToolsVersion = 13.4.1;
					};
					06C15EF329001F3300CD40F2 = {
						CreatedOnToolsVersion = 13.4.1;
						TestTargetID = 06C15EDD29001F3200CD40F2;
					};
					06C15EFD29001F3300CD40F2 = {
						CreatedOnToolsVersion = 13.4.1;
						TestTargetID = 06C15EDD29001F3200CD40F2;
					};
				};
			};
			buildConfigurationList = 06C15ED929001F3200CD40F2 /* Build configuration list for PBXProject "Pokemon-Dictionary" */;
			compatibilityVersion = "Xcode 13.0";
			developmentRegion = en;
			hasScannedForEncodings = 0;
			knownRegions = (
				en,
				Base,
			);
			mainGroup = 06C15ED529001F3200CD40F2;
			productRefGroup = 06C15EDF29001F3200CD40F2 /* Products */;
			projectDirPath = "";
			projectRoot = "";
			targets = (
				06C15EDD29001F3200CD40F2 /* Pokemon-Dictionary */,
				06C15EF329001F3300CD40F2 /* Pokemon-DictionaryTests */,
				06C15EFD29001F3300CD40F2 /* Pokemon-DictionaryUITests */,
			);
		};
/* End PBXProject section */

/* Begin PBXResourcesBuildPhase section */
		06C15EDC29001F3200CD40F2 /* Resources */ = {
			isa = PBXResourcesBuildPhase;
			buildActionMask = 2147483647;
			files = (
				06C15EEE29001F3300CD40F2 /* LaunchScreen.storyboard in Resources */,
				06C15EEB29001F3300CD40F2 /* Assets.xcassets in Resources */,
				06C15EE929001F3200CD40F2 /* Main.storyboard in Resources */,
			);
			runOnlyForDeploymentPostprocessing = 0;
		};
		06C15EF229001F3300CD40F2 /* Resources */ = {
			isa = PBXResourcesBuildPhase;
			buildActionMask = 2147483647;
			files = (
			);
			runOnlyForDeploymentPostprocessing = 0;
		};
		06C15EFC29001F3300CD40F2 /* Resources */ = {
			isa = PBXResourcesBuildPhase;
			buildActionMask = 2147483647;
			files = (
			);
			runOnlyForDeploymentPostprocessing = 0;
		};
/* End PBXResourcesBuildPhase section */

/* Begin PBXSourcesBuildPhase section */
		06C15EDA29001F3200CD40F2 /* Sources */ = {
			isa = PBXSourcesBuildPhase;
			buildActionMask = 2147483647;
			files = (
				06C15F192900233800CD40F2 /* NetworkServiceType.swift in Sources */,
				06C15F4C2903319800CD40F2 /* PokemonInfoViewModel.swift in Sources */,
				06C15F302900308F00CD40F2 /* PokemonLocationInfo.swift in Sources */,
				06C15F36290035AE00CD40F2 /* Sprites.swift in Sources */,
				06C15F172900232500CD40F2 /* NetworkService.swift in Sources */,
				06C15F4A29032C8200CD40F2 /* PokemonInfoViewController.swift in Sources */,
				06C15F24290028DB00CD40F2 /* PokemonNameInfo.swift in Sources */,
				06C15F14290022A500CD40F2 /* Utils + Publisher.swift in Sources */,
				06C15F4229014F1A00CD40F2 /* SearchViewModel.swift in Sources */,
				06C15F342900331800CD40F2 /* Pokemon.swift in Sources */,
				06C15F4429019D5B00CD40F2 /* UIKit + Publisher.swift in Sources */,
				06C15EE629001F3200CD40F2 /* SearchViewController.swift in Sources */,
				06C15F322900317100CD40F2 /* Resource + PokemonLocations.swift in Sources */,
				06C15F2E2900308300CD40F2 /* PokemonLocationsResponse.swift in Sources */,
				06C15F5029050CE400CD40F2 /* PokemonMapViewController.swift in Sources */,
				06C15F1E290023C000CD40F2 /* ApiConstants.swift in Sources */,
				06C15F26290029B700CD40F2 /* Resource + PokemonNames.swift in Sources */,
				06C15F4E29033CAB00CD40F2 /* UIView + Inspector.swift in Sources */,
				06C15EE229001F3200CD40F2 /* AppDelegate.swift in Sources */,
				06C15EE429001F3200CD40F2 /* SceneDelegate.swift in Sources */,
				06C15F22290027B900CD40F2 /* PokemonNamesResponse.swift in Sources */,
				06C15F38290035CF00CD40F2 /* Resource + Pokemon.swift in Sources */,
				06C15F1C2900236500CD40F2 /* Resource.swift in Sources */,
			);
			runOnlyForDeploymentPostprocessing = 0;
		};
		06C15EF029001F3300CD40F2 /* Sources */ = {
			isa = PBXSourcesBuildPhase;
			buildActionMask = 2147483647;
			files = (
				06C15EF929001F3300CD40F2 /* Pokemon_DictionaryTests.swift in Sources */,
				06C15F2C29002B5D00CD40F2 /* URLProtocolMock.swift in Sources */,
			);
			runOnlyForDeploymentPostprocessing = 0;
		};
		06C15EFA29001F3300CD40F2 /* Sources */ = {
			isa = PBXSourcesBuildPhase;
			buildActionMask = 2147483647;
			files = (
				06C15F0529001F3300CD40F2 /* Pokemon_DictionaryUITestsLaunchTests.swift in Sources */,
				06C15F0329001F3300CD40F2 /* Pokemon_DictionaryUITests.swift in Sources */,
			);
			runOnlyForDeploymentPostprocessing = 0;
		};
/* End PBXSourcesBuildPhase section */

/* Begin PBXTargetDependency section */
		06C15EF629001F3300CD40F2 /* PBXTargetDependency */ = {
			isa = PBXTargetDependency;
			target = 06C15EDD29001F3200CD40F2 /* Pokemon-Dictionary */;
			targetProxy = 06C15EF529001F3300CD40F2 /* PBXContainerItemProxy */;
		};
		06C15F0029001F3300CD40F2 /* PBXTargetDependency */ = {
			isa = PBXTargetDependency;
			target = 06C15EDD29001F3200CD40F2 /* Pokemon-Dictionary */;
			targetProxy = 06C15EFF29001F3300CD40F2 /* PBXContainerItemProxy */;
		};
/* End PBXTargetDependency section */

/* Begin PBXVariantGroup section */
		06C15EE729001F3200CD40F2 /* Main.storyboard */ = {
			isa = PBXVariantGroup;
			children = (
				06C15EE829001F3200CD40F2 /* Base */,
			);
			name = Main.storyboard;
			sourceTree = "<group>";
		};
		06C15EEC29001F3300CD40F2 /* LaunchScreen.storyboard */ = {
			isa = PBXVariantGroup;
			children = (
				06C15EED29001F3300CD40F2 /* Base */,
			);
			name = LaunchScreen.storyboard;
			sourceTree = "<group>";
		};
/* End PBXVariantGroup section */

/* Begin XCBuildConfiguration section */
		06C15F0629001F3300CD40F2 /* Debug */ = {
			isa = XCBuildConfiguration;
			buildSettings = {
				ALWAYS_SEARCH_USER_PATHS = NO;
				CLANG_ANALYZER_NONNULL = YES;
				CLANG_ANALYZER_NUMBER_OBJECT_CONVERSION = YES_AGGRESSIVE;
				CLANG_CXX_LANGUAGE_STANDARD = "gnu++17";
				CLANG_ENABLE_MODULES = YES;
				CLANG_ENABLE_OBJC_ARC = YES;
				CLANG_ENABLE_OBJC_WEAK = YES;
				CLANG_WARN_BLOCK_CAPTURE_AUTORELEASING = YES;
				CLANG_WARN_BOOL_CONVERSION = YES;
				CLANG_WARN_COMMA = YES;
				CLANG_WARN_CONSTANT_CONVERSION = YES;
				CLANG_WARN_DEPRECATED_OBJC_IMPLEMENTATIONS = YES;
				CLANG_WARN_DIRECT_OBJC_ISA_USAGE = YES_ERROR;
				CLANG_WARN_DOCUMENTATION_COMMENTS = YES;
				CLANG_WARN_EMPTY_BODY = YES;
				CLANG_WARN_ENUM_CONVERSION = YES;
				CLANG_WARN_INFINITE_RECURSION = YES;
				CLANG_WARN_INT_CONVERSION = YES;
				CLANG_WARN_NON_LITERAL_NULL_CONVERSION = YES;
				CLANG_WARN_OBJC_IMPLICIT_RETAIN_SELF = YES;
				CLANG_WARN_OBJC_LITERAL_CONVERSION = YES;
				CLANG_WARN_OBJC_ROOT_CLASS = YES_ERROR;
				CLANG_WARN_QUOTED_INCLUDE_IN_FRAMEWORK_HEADER = YES;
				CLANG_WARN_RANGE_LOOP_ANALYSIS = YES;
				CLANG_WARN_STRICT_PROTOTYPES = YES;
				CLANG_WARN_SUSPICIOUS_MOVE = YES;
				CLANG_WARN_UNGUARDED_AVAILABILITY = YES_AGGRESSIVE;
				CLANG_WARN_UNREACHABLE_CODE = YES;
				CLANG_WARN__DUPLICATE_METHOD_MATCH = YES;
				COPY_PHASE_STRIP = NO;
				DEBUG_INFORMATION_FORMAT = dwarf;
				ENABLE_STRICT_OBJC_MSGSEND = YES;
				ENABLE_TESTABILITY = YES;
				GCC_C_LANGUAGE_STANDARD = gnu11;
				GCC_DYNAMIC_NO_PIC = NO;
				GCC_NO_COMMON_BLOCKS = YES;
				GCC_OPTIMIZATION_LEVEL = 0;
				GCC_PREPROCESSOR_DEFINITIONS = (
					"DEBUG=1",
					"$(inherited)",
				);
				GCC_WARN_64_TO_32_BIT_CONVERSION = YES;
				GCC_WARN_ABOUT_RETURN_TYPE = YES_ERROR;
				GCC_WARN_UNDECLARED_SELECTOR = YES;
				GCC_WARN_UNINITIALIZED_AUTOS = YES_AGGRESSIVE;
				GCC_WARN_UNUSED_FUNCTION = YES;
				GCC_WARN_UNUSED_VARIABLE = YES;
				IPHONEOS_DEPLOYMENT_TARGET = 15.5;
				MTL_ENABLE_DEBUG_INFO = INCLUDE_SOURCE;
				MTL_FAST_MATH = YES;
				ONLY_ACTIVE_ARCH = YES;
				SDKROOT = iphoneos;
				SWIFT_ACTIVE_COMPILATION_CONDITIONS = DEBUG;
				SWIFT_OPTIMIZATION_LEVEL = "-Onone";
			};
			name = Debug;
		};
		06C15F0729001F3300CD40F2 /* Release */ = {
			isa = XCBuildConfiguration;
			buildSettings = {
				ALWAYS_SEARCH_USER_PATHS = NO;
				CLANG_ANALYZER_NONNULL = YES;
				CLANG_ANALYZER_NUMBER_OBJECT_CONVERSION = YES_AGGRESSIVE;
				CLANG_CXX_LANGUAGE_STANDARD = "gnu++17";
				CLANG_ENABLE_MODULES = YES;
				CLANG_ENABLE_OBJC_ARC = YES;
				CLANG_ENABLE_OBJC_WEAK = YES;
				CLANG_WARN_BLOCK_CAPTURE_AUTORELEASING = YES;
				CLANG_WARN_BOOL_CONVERSION = YES;
				CLANG_WARN_COMMA = YES;
				CLANG_WARN_CONSTANT_CONVERSION = YES;
				CLANG_WARN_DEPRECATED_OBJC_IMPLEMENTATIONS = YES;
				CLANG_WARN_DIRECT_OBJC_ISA_USAGE = YES_ERROR;
				CLANG_WARN_DOCUMENTATION_COMMENTS = YES;
				CLANG_WARN_EMPTY_BODY = YES;
				CLANG_WARN_ENUM_CONVERSION = YES;
				CLANG_WARN_INFINITE_RECURSION = YES;
				CLANG_WARN_INT_CONVERSION = YES;
				CLANG_WARN_NON_LITERAL_NULL_CONVERSION = YES;
				CLANG_WARN_OBJC_IMPLICIT_RETAIN_SELF = YES;
				CLANG_WARN_OBJC_LITERAL_CONVERSION = YES;
				CLANG_WARN_OBJC_ROOT_CLASS = YES_ERROR;
				CLANG_WARN_QUOTED_INCLUDE_IN_FRAMEWORK_HEADER = YES;
				CLANG_WARN_RANGE_LOOP_ANALYSIS = YES;
				CLANG_WARN_STRICT_PROTOTYPES = YES;
				CLANG_WARN_SUSPICIOUS_MOVE = YES;
				CLANG_WARN_UNGUARDED_AVAILABILITY = YES_AGGRESSIVE;
				CLANG_WARN_UNREACHABLE_CODE = YES;
				CLANG_WARN__DUPLICATE_METHOD_MATCH = YES;
				COPY_PHASE_STRIP = NO;
				DEBUG_INFORMATION_FORMAT = "dwarf-with-dsym";
				ENABLE_NS_ASSERTIONS = NO;
				ENABLE_STRICT_OBJC_MSGSEND = YES;
				GCC_C_LANGUAGE_STANDARD = gnu11;
				GCC_NO_COMMON_BLOCKS = YES;
				GCC_WARN_64_TO_32_BIT_CONVERSION = YES;
				GCC_WARN_ABOUT_RETURN_TYPE = YES_ERROR;
				GCC_WARN_UNDECLARED_SELECTOR = YES;
				GCC_WARN_UNINITIALIZED_AUTOS = YES_AGGRESSIVE;
				GCC_WARN_UNUSED_FUNCTION = YES;
				GCC_WARN_UNUSED_VARIABLE = YES;
				IPHONEOS_DEPLOYMENT_TARGET = 15.5;
				MTL_ENABLE_DEBUG_INFO = NO;
				MTL_FAST_MATH = YES;
				SDKROOT = iphoneos;
				SWIFT_COMPILATION_MODE = wholemodule;
				SWIFT_OPTIMIZATION_LEVEL = "-O";
				VALIDATE_PRODUCT = YES;
			};
			name = Release;
		};
		06C15F0929001F3300CD40F2 /* Debug */ = {
			isa = XCBuildConfiguration;
			buildSettings = {
				ASSETCATALOG_COMPILER_APPICON_NAME = AppIcon;
				ASSETCATALOG_COMPILER_GLOBAL_ACCENT_COLOR_NAME = AccentColor;
				CODE_SIGN_STYLE = Automatic;
				CURRENT_PROJECT_VERSION = 1;
				DEVELOPMENT_TEAM = VB6D48NJ22;
				GENERATE_INFOPLIST_FILE = YES;
				INFOPLIST_FILE = "Pokemon-Dictionary/Info.plist";
				INFOPLIST_KEY_UIApplicationSupportsIndirectInputEvents = YES;
				INFOPLIST_KEY_UILaunchStoryboardName = LaunchScreen;
				INFOPLIST_KEY_UIMainStoryboardFile = Main;
				INFOPLIST_KEY_UISupportedInterfaceOrientations_iPad = "UIInterfaceOrientationPortrait UIInterfaceOrientationPortraitUpsideDown UIInterfaceOrientationLandscapeLeft UIInterfaceOrientationLandscapeRight";
				INFOPLIST_KEY_UISupportedInterfaceOrientations_iPhone = "UIInterfaceOrientationPortrait UIInterfaceOrientationLandscapeLeft UIInterfaceOrientationLandscapeRight";
				LD_RUNPATH_SEARCH_PATHS = (
					"$(inherited)",
					"@executable_path/Frameworks",
				);
				MARKETING_VERSION = 1.0;
				PRODUCT_BUNDLE_IDENTIFIER = "jsoh.Pokemon-Dictionary";
				PRODUCT_NAME = "$(TARGET_NAME)";
				SWIFT_EMIT_LOC_STRINGS = YES;
				SWIFT_VERSION = 5.0;
				TARGETED_DEVICE_FAMILY = "1,2";
			};
			name = Debug;
		};
		06C15F0A29001F3300CD40F2 /* Release */ = {
			isa = XCBuildConfiguration;
			buildSettings = {
				ASSETCATALOG_COMPILER_APPICON_NAME = AppIcon;
				ASSETCATALOG_COMPILER_GLOBAL_ACCENT_COLOR_NAME = AccentColor;
				CODE_SIGN_STYLE = Automatic;
				CURRENT_PROJECT_VERSION = 1;
				DEVELOPMENT_TEAM = VB6D48NJ22;
				GENERATE_INFOPLIST_FILE = YES;
				INFOPLIST_FILE = "Pokemon-Dictionary/Info.plist";
				INFOPLIST_KEY_UIApplicationSupportsIndirectInputEvents = YES;
				INFOPLIST_KEY_UILaunchStoryboardName = LaunchScreen;
				INFOPLIST_KEY_UIMainStoryboardFile = Main;
				INFOPLIST_KEY_UISupportedInterfaceOrientations_iPad = "UIInterfaceOrientationPortrait UIInterfaceOrientationPortraitUpsideDown UIInterfaceOrientationLandscapeLeft UIInterfaceOrientationLandscapeRight";
				INFOPLIST_KEY_UISupportedInterfaceOrientations_iPhone = "UIInterfaceOrientationPortrait UIInterfaceOrientationLandscapeLeft UIInterfaceOrientationLandscapeRight";
				LD_RUNPATH_SEARCH_PATHS = (
					"$(inherited)",
					"@executable_path/Frameworks",
				);
				MARKETING_VERSION = 1.0;
				PRODUCT_BUNDLE_IDENTIFIER = "jsoh.Pokemon-Dictionary";
				PRODUCT_NAME = "$(TARGET_NAME)";
				SWIFT_EMIT_LOC_STRINGS = YES;
				SWIFT_VERSION = 5.0;
				TARGETED_DEVICE_FAMILY = "1,2";
			};
			name = Release;
		};
		06C15F0C29001F3300CD40F2 /* Debug */ = {
			isa = XCBuildConfiguration;
			buildSettings = {
				ALWAYS_EMBED_SWIFT_STANDARD_LIBRARIES = YES;
				BUNDLE_LOADER = "$(TEST_HOST)";
				CODE_SIGN_STYLE = Automatic;
				CURRENT_PROJECT_VERSION = 1;
				DEVELOPMENT_TEAM = VB6D48NJ22;
				GENERATE_INFOPLIST_FILE = YES;
				IPHONEOS_DEPLOYMENT_TARGET = 15.5;
				MARKETING_VERSION = 1.0;
				PRODUCT_BUNDLE_IDENTIFIER = "jsoh.Pokemon-DictionaryTests";
				PRODUCT_NAME = "$(TARGET_NAME)";
				SWIFT_EMIT_LOC_STRINGS = NO;
				SWIFT_VERSION = 5.0;
				TARGETED_DEVICE_FAMILY = "1,2";
				TEST_HOST = "$(BUILT_PRODUCTS_DIR)/Pokemon-Dictionary.app/Pokemon-Dictionary";
			};
			name = Debug;
		};
		06C15F0D29001F3300CD40F2 /* Release */ = {
			isa = XCBuildConfiguration;
			buildSettings = {
				ALWAYS_EMBED_SWIFT_STANDARD_LIBRARIES = YES;
				BUNDLE_LOADER = "$(TEST_HOST)";
				CODE_SIGN_STYLE = Automatic;
				CURRENT_PROJECT_VERSION = 1;
				DEVELOPMENT_TEAM = VB6D48NJ22;
				GENERATE_INFOPLIST_FILE = YES;
				IPHONEOS_DEPLOYMENT_TARGET = 15.5;
				MARKETING_VERSION = 1.0;
				PRODUCT_BUNDLE_IDENTIFIER = "jsoh.Pokemon-DictionaryTests";
				PRODUCT_NAME = "$(TARGET_NAME)";
				SWIFT_EMIT_LOC_STRINGS = NO;
				SWIFT_VERSION = 5.0;
				TARGETED_DEVICE_FAMILY = "1,2";
				TEST_HOST = "$(BUILT_PRODUCTS_DIR)/Pokemon-Dictionary.app/Pokemon-Dictionary";
			};
			name = Release;
		};
		06C15F0F29001F3300CD40F2 /* Debug */ = {
			isa = XCBuildConfiguration;
			buildSettings = {
				ALWAYS_EMBED_SWIFT_STANDARD_LIBRARIES = YES;
				CODE_SIGN_STYLE = Automatic;
				CURRENT_PROJECT_VERSION = 1;
				DEVELOPMENT_TEAM = VB6D48NJ22;
				GENERATE_INFOPLIST_FILE = YES;
				MARKETING_VERSION = 1.0;
				PRODUCT_BUNDLE_IDENTIFIER = "jsoh.Pokemon-DictionaryUITests";
				PRODUCT_NAME = "$(TARGET_NAME)";
				SWIFT_EMIT_LOC_STRINGS = NO;
				SWIFT_VERSION = 5.0;
				TARGETED_DEVICE_FAMILY = "1,2";
				TEST_TARGET_NAME = "Pokemon-Dictionary";
			};
			name = Debug;
		};
		06C15F1029001F3300CD40F2 /* Release */ = {
			isa = XCBuildConfiguration;
			buildSettings = {
				ALWAYS_EMBED_SWIFT_STANDARD_LIBRARIES = YES;
				CODE_SIGN_STYLE = Automatic;
				CURRENT_PROJECT_VERSION = 1;
				DEVELOPMENT_TEAM = VB6D48NJ22;
				GENERATE_INFOPLIST_FILE = YES;
				MARKETING_VERSION = 1.0;
				PRODUCT_BUNDLE_IDENTIFIER = "jsoh.Pokemon-DictionaryUITests";
				PRODUCT_NAME = "$(TARGET_NAME)";
				SWIFT_EMIT_LOC_STRINGS = NO;
				SWIFT_VERSION = 5.0;
				TARGETED_DEVICE_FAMILY = "1,2";
				TEST_TARGET_NAME = "Pokemon-Dictionary";
			};
			name = Release;
		};
/* End XCBuildConfiguration section */

/* Begin XCConfigurationList section */
		06C15ED929001F3200CD40F2 /* Build configuration list for PBXProject "Pokemon-Dictionary" */ = {
			isa = XCConfigurationList;
			buildConfigurations = (
				06C15F0629001F3300CD40F2 /* Debug */,
				06C15F0729001F3300CD40F2 /* Release */,
			);
			defaultConfigurationIsVisible = 0;
			defaultConfigurationName = Release;
		};
		06C15F0829001F3300CD40F2 /* Build configuration list for PBXNativeTarget "Pokemon-Dictionary" */ = {
			isa = XCConfigurationList;
			buildConfigurations = (
				06C15F0929001F3300CD40F2 /* Debug */,
				06C15F0A29001F3300CD40F2 /* Release */,
			);
			defaultConfigurationIsVisible = 0;
			defaultConfigurationName = Release;
		};
		06C15F0B29001F3300CD40F2 /* Build configuration list for PBXNativeTarget "Pokemon-DictionaryTests" */ = {
			isa = XCConfigurationList;
			buildConfigurations = (
				06C15F0C29001F3300CD40F2 /* Debug */,
				06C15F0D29001F3300CD40F2 /* Release */,
			);
			defaultConfigurationIsVisible = 0;
			defaultConfigurationName = Release;
		};
		06C15F0E29001F3300CD40F2 /* Build configuration list for PBXNativeTarget "Pokemon-DictionaryUITests" */ = {
			isa = XCConfigurationList;
			buildConfigurations = (
				06C15F0F29001F3300CD40F2 /* Debug */,
				06C15F1029001F3300CD40F2 /* Release */,
			);
			defaultConfigurationIsVisible = 0;
			defaultConfigurationName = Release;
		};
/* End XCConfigurationList section */
	};
	rootObject = 06C15ED629001F3200CD40F2 /* Project object */;
}
